
Microsoft Visual Studio Solution File, Format Version 12.00
# Visual Studio Version 17
VisualStudioVersion = 17.0.31903.59
MinimumVisualStudioVersion = 10.0.40219.1
Project("{FAE04EC0-301F-11D3-BF4B-00C04F79EFBC}") = "API", "API\API.csproj", "{CEEEBA11-E519-4A8F-9D82-248D4EEDF876}"
EndProject
Project("{FAE04EC0-301F-11D3-BF4B-00C04F79EFBC}") = "FrontEnd", "FrontEnd\FrontEnd.csproj", "{90FD92C3-CB7B-45E3-B0E3-5BF10B273AFC}"
EndProject
Global
	GlobalSection(SolutionConfigurationPlatforms) = preSolution
		Debug|Any CPU = Debug|Any CPU
		Release|Any CPU = Release|Any CPU
	EndGlobalSection
	GlobalSection(SolutionProperties) = preSolution
		HideSolutionNode = FALSE
	EndGlobalSection
	GlobalSection(ProjectConfigurationPlatforms) = postSolution
		{CEEEBA11-E519-4A8F-9D82-248D4EEDF876}.Debug|Any CPU.ActiveCfg = Debug|Any CPU
		{CEEEBA11-E519-4A8F-9D82-248D4EEDF876}.Debug|Any CPU.Build.0 = Debug|Any CPU
		{CEEEBA11-E519-4A8F-9D82-248D4EEDF876}.Release|Any CPU.ActiveCfg = Release|Any CPU
		{CEEEBA11-E519-4A8F-9D82-248D4EEDF876}.Release|Any CPU.Build.0 = Release|Any CPU
		{90FD92C3-CB7B-45E3-B0E3-5BF10B273AFC}.Debug|Any CPU.ActiveCfg = Debug|Any CPU
		{90FD92C3-CB7B-45E3-B0E3-5BF10B273AFC}.Debug|Any CPU.Build.0 = Debug|Any CPU
		{90FD92C3-CB7B-45E3-B0E3-5BF10B273AFC}.Release|Any CPU.ActiveCfg = Release|Any CPU
		{90FD92C3-CB7B-45E3-B0E3-5BF10B273AFC}.Release|Any CPU.Build.0 = Release|Any CPU
	EndGlobalSection
EndGlobal
